// !$*UTF8*$!
{
	archiveVersion = 1;
	classes = {
	};
	objectVersion = 55;
	objects = {

/* Begin PBXBuildFile section */
		20ADB2692904D9F100ADDC01 /* AddExpenseController.swift in Sources */ = {isa = PBXBuildFile; fileRef = 20ADB2682904D9F100ADDC01 /* AddExpenseController.swift */; };
		20ADB26B2904E17F00ADDC01 /* AddincomeController.swift in Sources */ = {isa = PBXBuildFile; fileRef = 20ADB26A2904E17F00ADDC01 /* AddincomeController.swift */; };
		20ADB26D2905074F00ADDC01 /* ExpenseViewController.swift in Sources */ = {isa = PBXBuildFile; fileRef = 20ADB26C2905074F00ADDC01 /* ExpenseViewController.swift */; };
		20ADB26F29050C2200ADDC01 /* ExpenseTableViewCell.swift in Sources */ = {isa = PBXBuildFile; fileRef = 20ADB26E29050C2200ADDC01 /* ExpenseTableViewCell.swift */; };
		3F08E97928ED05A2002793FF /* AppDelegate.swift in Sources */ = {isa = PBXBuildFile; fileRef = 3F08E97828ED05A2002793FF /* AppDelegate.swift */; };
		3F08E97B28ED05A2002793FF /* SceneDelegate.swift in Sources */ = {isa = PBXBuildFile; fileRef = 3F08E97A28ED05A2002793FF /* SceneDelegate.swift */; };
		3F08E97D28ED05A2002793FF /* ViewController.swift in Sources */ = {isa = PBXBuildFile; fileRef = 3F08E97C28ED05A2002793FF /* ViewController.swift */; };
		3F08E98028ED05A2002793FF /* Main.storyboard in Resources */ = {isa = PBXBuildFile; fileRef = 3F08E97E28ED05A2002793FF /* Main.storyboard */; };
		3F08E98228ED05A5002793FF /* Assets.xcassets in Resources */ = {isa = PBXBuildFile; fileRef = 3F08E98128ED05A5002793FF /* Assets.xcassets */; };
		3F08E98528ED05A5002793FF /* LaunchScreen.storyboard in Resources */ = {isa = PBXBuildFile; fileRef = 3F08E98328ED05A5002793FF /* LaunchScreen.storyboard */; };
		3F185E6C28FE383500A55483 /* ExpenseTracker.xcdatamodeld in Sources */ = {isa = PBXBuildFile; fileRef = 3F185E6A28FE383500A55483 /* ExpenseTracker.xcdatamodeld */; };
		3F185EF929061A2E00A55483 /* IncomeViewController.swift in Sources */ = {isa = PBXBuildFile; fileRef = 3F185EF829061A2E00A55483 /* IncomeViewController.swift */; };
		3F185EFD290769DD00A55483 /* EditExpenseViewController.swift in Sources */ = {isa = PBXBuildFile; fileRef = 3F185EFC290769DD00A55483 /* EditExpenseViewController.swift */; };
		3F185EFF2907932C00A55483 /* EditIncomeController.swift in Sources */ = {isa = PBXBuildFile; fileRef = 3F185EFE2907932C00A55483 /* EditIncomeController.swift */; };
/* End PBXBuildFile section */

/* Begin PBXFileReference section */
		20A36CCE28F79D4F00EB3DE3 /* Lato-Regular.ttf */ = {isa = PBXFileReference; lastKnownFileType = file; name = "Lato-Regular.ttf"; path = "Lato/Lato-Regular.ttf"; sourceTree = "<group>"; };
		20ADB2682904D9F100ADDC01 /* AddExpenseController.swift */ = {isa = PBXFileReference; lastKnownFileType = sourcecode.swift; path = AddExpenseController.swift; sourceTree = "<group>"; };
		20ADB26A2904E17F00ADDC01 /* AddincomeController.swift */ = {isa = PBXFileReference; lastKnownFileType = sourcecode.swift; path = AddincomeController.swift; sourceTree = "<group>"; };
		20ADB26C2905074F00ADDC01 /* ExpenseViewController.swift */ = {isa = PBXFileReference; lastKnownFileType = sourcecode.swift; path = ExpenseViewController.swift; sourceTree = "<group>"; };
		20ADB26E29050C2200ADDC01 /* ExpenseTableViewCell.swift */ = {isa = PBXFileReference; lastKnownFileType = sourcecode.swift; path = ExpenseTableViewCell.swift; sourceTree = "<group>"; };
		3F08E97528ED05A2002793FF /* Expense Tracker.app */ = {isa = PBXFileReference; explicitFileType = wrapper.application; includeInIndex = 0; path = "Expense Tracker.app"; sourceTree = BUILT_PRODUCTS_DIR; };
		3F08E97828ED05A2002793FF /* AppDelegate.swift */ = {isa = PBXFileReference; lastKnownFileType = sourcecode.swift; path = AppDelegate.swift; sourceTree = "<group>"; };
		3F08E97A28ED05A2002793FF /* SceneDelegate.swift */ = {isa = PBXFileReference; lastKnownFileType = sourcecode.swift; path = SceneDelegate.swift; sourceTree = "<group>"; };
		3F08E97C28ED05A2002793FF /* ViewController.swift */ = {isa = PBXFileReference; lastKnownFileType = sourcecode.swift; path = ViewController.swift; sourceTree = "<group>"; };
		3F08E97F28ED05A2002793FF /* Base */ = {isa = PBXFileReference; lastKnownFileType = file.storyboard; name = Base; path = Base.lproj/Main.storyboard; sourceTree = "<group>"; };
		3F08E98128ED05A5002793FF /* Assets.xcassets */ = {isa = PBXFileReference; lastKnownFileType = folder.assetcatalog; path = Assets.xcassets; sourceTree = "<group>"; };
		3F08E98428ED05A5002793FF /* Base */ = {isa = PBXFileReference; lastKnownFileType = file.storyboard; name = Base; path = Base.lproj/LaunchScreen.storyboard; sourceTree = "<group>"; };
		3F08E98628ED05A5002793FF /* Info.plist */ = {isa = PBXFileReference; lastKnownFileType = text.plist.xml; path = Info.plist; sourceTree = "<group>"; };
		3F185E6B28FE383500A55483 /* ExpenseTracker.xcdatamodel */ = {isa = PBXFileReference; lastKnownFileType = wrapper.xcdatamodel; path = ExpenseTracker.xcdatamodel; sourceTree = "<group>"; };
		3F185EF829061A2E00A55483 /* IncomeViewController.swift */ = {isa = PBXFileReference; lastKnownFileType = sourcecode.swift; path = IncomeViewController.swift; sourceTree = "<group>"; };
		3F185EFC290769DD00A55483 /* EditExpenseViewController.swift */ = {isa = PBXFileReference; lastKnownFileType = sourcecode.swift; path = EditExpenseViewController.swift; sourceTree = "<group>"; };
		3F185EFE2907932C00A55483 /* EditIncomeController.swift */ = {isa = PBXFileReference; lastKnownFileType = sourcecode.swift; path = EditIncomeController.swift; sourceTree = "<group>"; };
/* End PBXFileReference section */

/* Begin PBXFrameworksBuildPhase section */
		3F08E97228ED05A2002793FF /* Frameworks */ = {
			isa = PBXFrameworksBuildPhase;
			buildActionMask = 2147483647;
			files = (
			);
			runOnlyForDeploymentPostprocessing = 0;
		};
/* End PBXFrameworksBuildPhase section */

/* Begin PBXGroup section */
		3F08E96C28ED05A2002793FF = {
			isa = PBXGroup;
			children = (
				3F08E97728ED05A2002793FF /* Expense Tracker */,
				3F08E97628ED05A2002793FF /* Products */,
			);
			sourceTree = "<group>";
		};
		3F08E97628ED05A2002793FF /* Products */ = {
			isa = PBXGroup;
			children = (
				3F08E97528ED05A2002793FF /* Expense Tracker.app */,
			);
			name = Products;
			sourceTree = "<group>";
		};
		3F08E97728ED05A2002793FF /* Expense Tracker */ = {
			isa = PBXGroup;
			children = (
				3F08E97828ED05A2002793FF /* AppDelegate.swift */,
				3F08E97A28ED05A2002793FF /* SceneDelegate.swift */,
				3F08E97C28ED05A2002793FF /* ViewController.swift */,
				3F08E97E28ED05A2002793FF /* Main.storyboard */,
				3F08E98128ED05A5002793FF /* Assets.xcassets */,
				3F08E98328ED05A5002793FF /* LaunchScreen.storyboard */,
				3F08E98628ED05A5002793FF /* Info.plist */,
				20A36CCE28F79D4F00EB3DE3 /* Lato-Regular.ttf */,
				3F185E6A28FE383500A55483 /* ExpenseTracker.xcdatamodeld */,
				20ADB2682904D9F100ADDC01 /* AddExpenseController.swift */,
				20ADB26A2904E17F00ADDC01 /* AddincomeController.swift */,
				20ADB26C2905074F00ADDC01 /* ExpenseViewController.swift */,
				20ADB26E29050C2200ADDC01 /* ExpenseTableViewCell.swift */,
				3F185EF829061A2E00A55483 /* IncomeViewController.swift */,
				3F185EFC290769DD00A55483 /* EditExpenseViewController.swift */,
				3F185EFE2907932C00A55483 /* EditIncomeController.swift */,
			);
			path = "Expense Tracker";
			sourceTree = "<group>";
		};
/* End PBXGroup section */

/* Begin PBXNativeTarget section */
		3F08E97428ED05A2002793FF /* Expense Tracker */ = {
			isa = PBXNativeTarget;
			buildConfigurationList = 3F08E98928ED05A5002793FF /* Build configuration list for PBXNativeTarget "Expense Tracker" */;
			buildPhases = (
				3F08E97128ED05A2002793FF /* Sources */,
				3F08E97228ED05A2002793FF /* Frameworks */,
				3F08E97328ED05A2002793FF /* Resources */,
			);
			buildRules = (
			);
			dependencies = (
			);
			name = "Expense Tracker";
			productName = "Expense Tracker";
			productReference = 3F08E97528ED05A2002793FF /* Expense Tracker.app */;
			productType = "com.apple.product-type.application";
		};
/* End PBXNativeTarget section */

/* Begin PBXProject section */
		3F08E96D28ED05A2002793FF /* Project object */ = {
			isa = PBXProject;
			attributes = {
				BuildIndependentTargetsInParallel = 1;
				LastSwiftUpdateCheck = 1340;
				LastUpgradeCheck = 1340;
				TargetAttributes = {
					3F08E97428ED05A2002793FF = {
						CreatedOnToolsVersion = 13.4.1;
					};
				};
			};
			buildConfigurationList = 3F08E97028ED05A2002793FF /* Build configuration list for PBXProject "Expense Tracker" */;
			compatibilityVersion = "Xcode 13.0";
			developmentRegion = en;
			hasScannedForEncodings = 0;
			knownRegions = (
				en,
				Base,
			);
			mainGroup = 3F08E96C28ED05A2002793FF;
			productRefGroup = 3F08E97628ED05A2002793FF /* Products */;
			projectDirPath = "";
			projectRoot = "";
			targets = (
				3F08E97428ED05A2002793FF /* Expense Tracker */,
			);
		};
/* End PBXProject section */

/* Begin PBXResourcesBuildPhase section */
		3F08E97328ED05A2002793FF /* Resources */ = {
			isa = PBXResourcesBuildPhase;
			buildActionMask = 2147483647;
			files = (
				3F08E98528ED05A5002793FF /* LaunchScreen.storyboard in Resources */,
				3F08E98228ED05A5002793FF /* Assets.xcassets in Resources */,
				3F08E98028ED05A2002793FF /* Main.storyboard in Resources */,
			);
			runOnlyForDeploymentPostprocessing = 0;
		};
/* End PBXResourcesBuildPhase section */

/* Begin PBXSourcesBuildPhase section */
		3F08E97128ED05A2002793FF /* Sources */ = {
			isa = PBXSourcesBuildPhase;
			buildActionMask = 2147483647;
			files = (
				20ADB2692904D9F100ADDC01 /* AddExpenseController.swift in Sources */,
				3F08E97D28ED05A2002793FF /* ViewController.swift in Sources */,
				3F08E97928ED05A2002793FF /* AppDelegate.swift in Sources */,
				3F185EF929061A2E00A55483 /* IncomeViewController.swift in Sources */,
				20ADB26F29050C2200ADDC01 /* ExpenseTableViewCell.swift in Sources */,
				3F185EFD290769DD00A55483 /* EditExpenseViewController.swift in Sources */,
				3F185EFF2907932C00A55483 /* EditIncomeController.swift in Sources */,
				3F08E97B28ED05A2002793FF /* SceneDelegate.swift in Sources */,
				3F185E6C28FE383500A55483 /* ExpenseTracker.xcdatamodeld in Sources */,
				20ADB26D2905074F00ADDC01 /* ExpenseViewController.swift in Sources */,
				20ADB26B2904E17F00ADDC01 /* AddincomeController.swift in Sources */,
			);
			runOnlyForDeploymentPostprocessing = 0;
		};
/* End PBXSourcesBuildPhase section */

/* Begin PBXVariantGroup section */
		3F08E97E28ED05A2002793FF /* Main.storyboard */ = {
			isa = PBXVariantGroup;
			children = (
				3F08E97F28ED05A2002793FF /* Base */,
			);
			name = Main.storyboard;
			sourceTree = "<group>";
		};
		3F08E98328ED05A5002793FF /* LaunchScreen.storyboard */ = {
			isa = PBXVariantGroup;
			children = (
				3F08E98428ED05A5002793FF /* Base */,
			);
			name = LaunchScreen.storyboard;
			sourceTree = "<group>";
		};
/* End PBXVariantGroup section */

/* Begin XCBuildConfiguration section */
		3F08E98728ED05A5002793FF /* Debug */ = {
			isa = XCBuildConfiguration;
			buildSettings = {
				ALWAYS_SEARCH_USER_PATHS = NO;
				CLANG_ANALYZER_NONNULL = YES;
				CLANG_ANALYZER_NUMBER_OBJECT_CONVERSION = YES_AGGRESSIVE;
				CLANG_CXX_LANGUAGE_STANDARD = "gnu++17";
				CLANG_ENABLE_MODULES = YES;
				CLANG_ENABLE_OBJC_ARC = YES;
				CLANG_ENABLE_OBJC_WEAK = YES;
				CLANG_WARN_BLOCK_CAPTURE_AUTORELEASING = YES;
				CLANG_WARN_BOOL_CONVERSION = YES;
				CLANG_WARN_COMMA = YES;
				CLANG_WARN_CONSTANT_CONVERSION = YES;
				CLANG_WARN_DEPRECATED_OBJC_IMPLEMENTATIONS = YES;
				CLANG_WARN_DIRECT_OBJC_ISA_USAGE = YES_ERROR;
				CLANG_WARN_DOCUMENTATION_COMMENTS = YES;
				CLANG_WARN_EMPTY_BODY = YES;
				CLANG_WARN_ENUM_CONVERSION = YES;
				CLANG_WARN_INFINITE_RECURSION = YES;
				CLANG_WARN_INT_CONVERSION = YES;
				CLANG_WARN_NON_LITERAL_NULL_CONVERSION = YES;
				CLANG_WARN_OBJC_IMPLICIT_RETAIN_SELF = YES;
				CLANG_WARN_OBJC_LITERAL_CONVERSION = YES;
				CLANG_WARN_OBJC_ROOT_CLASS = YES_ERROR;
				CLANG_WARN_QUOTED_INCLUDE_IN_FRAMEWORK_HEADER = YES;
				CLANG_WARN_RANGE_LOOP_ANALYSIS = YES;
				CLANG_WARN_STRICT_PROTOTYPES = YES;
				CLANG_WARN_SUSPICIOUS_MOVE = YES;
				CLANG_WARN_UNGUARDED_AVAILABILITY = YES_AGGRESSIVE;
				CLANG_WARN_UNREACHABLE_CODE = YES;
				CLANG_WARN__DUPLICATE_METHOD_MATCH = YES;
				COPY_PHASE_STRIP = NO;
				DEBUG_INFORMATION_FORMAT = dwarf;
				ENABLE_STRICT_OBJC_MSGSEND = YES;
				ENABLE_TESTABILITY = YES;
				GCC_C_LANGUAGE_STANDARD = gnu11;
				GCC_DYNAMIC_NO_PIC = NO;
				GCC_NO_COMMON_BLOCKS = YES;
				GCC_OPTIMIZATION_LEVEL = 0;
				GCC_PREPROCESSOR_DEFINITIONS = (
					"DEBUG=1",
					"$(inherited)",
				);
				GCC_WARN_64_TO_32_BIT_CONVERSION = YES;
				GCC_WARN_ABOUT_RETURN_TYPE = YES_ERROR;
				GCC_WARN_UNDECLARED_SELECTOR = YES;
				GCC_WARN_UNINITIALIZED_AUTOS = YES_AGGRESSIVE;
				GCC_WARN_UNUSED_FUNCTION = YES;
				GCC_WARN_UNUSED_VARIABLE = YES;
				IPHONEOS_DEPLOYMENT_TARGET = 15.5;
				MTL_ENABLE_DEBUG_INFO = INCLUDE_SOURCE;
				MTL_FAST_MATH = YES;
				ONLY_ACTIVE_ARCH = YES;
				SDKROOT = iphoneos;
				SWIFT_ACTIVE_COMPILATION_CONDITIONS = DEBUG;
				SWIFT_OPTIMIZATION_LEVEL = "-Onone";
			};
			name = Debug;
		};
		3F08E98828ED05A5002793FF /* Release */ = {
			isa = XCBuildConfiguration;
			buildSettings = {
				ALWAYS_SEARCH_USER_PATHS = NO;
				CLANG_ANALYZER_NONNULL = YES;
				CLANG_ANALYZER_NUMBER_OBJECT_CONVERSION = YES_AGGRESSIVE;
				CLANG_CXX_LANGUAGE_STANDARD = "gnu++17";
				CLANG_ENABLE_MODULES = YES;
				CLANG_ENABLE_OBJC_ARC = YES;
				CLANG_ENABLE_OBJC_WEAK = YES;
				CLANG_WARN_BLOCK_CAPTURE_AUTORELEASING = YES;
				CLANG_WARN_BOOL_CONVERSION = YES;
				CLANG_WARN_COMMA = YES;
				CLANG_WARN_CONSTANT_CONVERSION = YES;
				CLANG_WARN_DEPRECATED_OBJC_IMPLEMENTATIONS = YES;
				CLANG_WARN_DIRECT_OBJC_ISA_USAGE = YES_ERROR;
				CLANG_WARN_DOCUMENTATION_COMMENTS = YES;
				CLANG_WARN_EMPTY_BODY = YES;
				CLANG_WARN_ENUM_CONVERSION = YES;
				CLANG_WARN_INFINITE_RECURSION = YES;
				CLANG_WARN_INT_CONVERSION = YES;
				CLANG_WARN_NON_LITERAL_NULL_CONVERSION = YES;
				CLANG_WARN_OBJC_IMPLICIT_RETAIN_SELF = YES;
				CLANG_WARN_OBJC_LITERAL_CONVERSION = YES;
				CLANG_WARN_OBJC_ROOT_CLASS = YES_ERROR;
				CLANG_WARN_QUOTED_INCLUDE_IN_FRAMEWORK_HEADER = YES;
				CLANG_WARN_RANGE_LOOP_ANALYSIS = YES;
				CLANG_WARN_STRICT_PROTOTYPES = YES;
				CLANG_WARN_SUSPICIOUS_MOVE = YES;
				CLANG_WARN_UNGUARDED_AVAILABILITY = YES_AGGRESSIVE;
				CLANG_WARN_UNREACHABLE_CODE = YES;
				CLANG_WARN__DUPLICATE_METHOD_MATCH = YES;
				COPY_PHASE_STRIP = NO;
				DEBUG_INFORMATION_FORMAT = "dwarf-with-dsym";
				ENABLE_NS_ASSERTIONS = NO;
				ENABLE_STRICT_OBJC_MSGSEND = YES;
				GCC_C_LANGUAGE_STANDARD = gnu11;
				GCC_NO_COMMON_BLOCKS = YES;
				GCC_WARN_64_TO_32_BIT_CONVERSION = YES;
				GCC_WARN_ABOUT_RETURN_TYPE = YES_ERROR;
				GCC_WARN_UNDECLARED_SELECTOR = YES;
				GCC_WARN_UNINITIALIZED_AUTOS = YES_AGGRESSIVE;
				GCC_WARN_UNUSED_FUNCTION = YES;
				GCC_WARN_UNUSED_VARIABLE = YES;
				IPHONEOS_DEPLOYMENT_TARGET = 15.5;
				MTL_ENABLE_DEBUG_INFO = NO;
				MTL_FAST_MATH = YES;
				SDKROOT = iphoneos;
				SWIFT_COMPILATION_MODE = wholemodule;
				SWIFT_OPTIMIZATION_LEVEL = "-O";
				VALIDATE_PRODUCT = YES;
			};
			name = Release;
		};
		3F08E98A28ED05A5002793FF /* Debug */ = {
			isa = XCBuildConfiguration;
			buildSettings = {
				ASSETCATALOG_COMPILER_APPICON_NAME = AppIcon;
				ASSETCATALOG_COMPILER_GLOBAL_ACCENT_COLOR_NAME = AccentColor;
				CODE_SIGN_STYLE = Automatic;
				CURRENT_PROJECT_VERSION = 1;
				DEVELOPMENT_TEAM = HZY7GVQ2YC;
				GENERATE_INFOPLIST_FILE = YES;
				INFOPLIST_FILE = "Expense Tracker/Info.plist";
				INFOPLIST_KEY_UIApplicationSupportsIndirectInputEvents = YES;
				INFOPLIST_KEY_UILaunchStoryboardName = LaunchScreen;
				INFOPLIST_KEY_UIMainStoryboardFile = Main;
				INFOPLIST_KEY_UISupportedInterfaceOrientations_iPad = "UIInterfaceOrientationPortrait UIInterfaceOrientationPortraitUpsideDown UIInterfaceOrientationLandscapeLeft UIInterfaceOrientationLandscapeRight";
				INFOPLIST_KEY_UISupportedInterfaceOrientations_iPhone = "UIInterfaceOrientationPortrait UIInterfaceOrientationLandscapeLeft UIInterfaceOrientationLandscapeRight";
				IPHONEOS_DEPLOYMENT_TARGET = 15.0;
				LD_RUNPATH_SEARCH_PATHS = (
					"$(inherited)",
					"@executable_path/Frameworks",
				);
				MARKETING_VERSION = 1.0;
				PRODUCT_BUNDLE_IDENTIFIER = "inclass.Expense-Tracker";
				PRODUCT_NAME = "$(TARGET_NAME)";
				SWIFT_EMIT_LOC_STRINGS = YES;
				SWIFT_VERSION = 5.0;
				TARGETED_DEVICE_FAMILY = 1;
			};
			name = Debug;
		};
		3F08E98B28ED05A5002793FF /* Release */ = {
			isa = XCBuildConfiguration;
			buildSettings = {
				ASSETCATALOG_COMPILER_APPICON_NAME = AppIcon;
				ASSETCATALOG_COMPILER_GLOBAL_ACCENT_COLOR_NAME = AccentColor;
				CODE_SIGN_STYLE = Automatic;
				CURRENT_PROJECT_VERSION = 1;
				DEVELOPMENT_TEAM = HZY7GVQ2YC;
				GENERATE_INFOPLIST_FILE = YES;
				INFOPLIST_FILE = "Expense Tracker/Info.plist";
				INFOPLIST_KEY_UIApplicationSupportsIndirectInputEvents = YES;
				INFOPLIST_KEY_UILaunchStoryboardName = LaunchScreen;
				INFOPLIST_KEY_UIMainStoryboardFile = Main;
				INFOPLIST_KEY_UISupportedInterfaceOrientations_iPad = "UIInterfaceOrientationPortrait UIInterfaceOrientationPortraitUpsideDown UIInterfaceOrientationLandscapeLeft UIInterfaceOrientationLandscapeRight";
				INFOPLIST_KEY_UISupportedInterfaceOrientations_iPhone = "UIInterfaceOrientationPortrait UIInterfaceOrientationLandscapeLeft UIInterfaceOrientationLandscapeRight";
				IPHONEOS_DEPLOYMENT_TARGET = 15.0;
				LD_RUNPATH_SEARCH_PATHS = (
					"$(inherited)",
					"@executable_path/Frameworks",
				);
				MARKETING_VERSION = 1.0;
				PRODUCT_BUNDLE_IDENTIFIER = "inclass.Expense-Tracker";
				PRODUCT_NAME = "$(TARGET_NAME)";
				SWIFT_EMIT_LOC_STRINGS = YES;
				SWIFT_VERSION = 5.0;
				TARGETED_DEVICE_FAMILY = 1;
			};
			name = Release;
		};
/* End XCBuildConfiguration section */

/* Begin XCConfigurationList section */
		3F08E97028ED05A2002793FF /* Build configuration list for PBXProject "Expense Tracker" */ = {
			isa = XCConfigurationList;
			buildConfigurations = (
				3F08E98728ED05A5002793FF /* Debug */,
				3F08E98828ED05A5002793FF /* Release */,
			);
			defaultConfigurationIsVisible = 0;
			defaultConfigurationName = Release;
		};
		3F08E98928ED05A5002793FF /* Build configuration list for PBXNativeTarget "Expense Tracker" */ = {
			isa = XCConfigurationList;
			buildConfigurations = (
				3F08E98A28ED05A5002793FF /* Debug */,
				3F08E98B28ED05A5002793FF /* Release */,
			);
			defaultConfigurationIsVisible = 0;
			defaultConfigurationName = Release;
		};
/* End XCConfigurationList section */

/* Begin XCVersionGroup section */
		3F185E6A28FE383500A55483 /* ExpenseTracker.xcdatamodeld */ = {
			isa = XCVersionGroup;
			children = (
				3F185E6B28FE383500A55483 /* ExpenseTracker.xcdatamodel */,
			);
			currentVersion = 3F185E6B28FE383500A55483 /* ExpenseTracker.xcdatamodel */;
			path = ExpenseTracker.xcdatamodeld;
			sourceTree = "<group>";
			versionGroupType = wrapper.xcdatamodel;
		};
/* End XCVersionGroup section */
	};
	rootObject = 3F08E96D28ED05A2002793FF /* Project object */;
}
